{
  "name": "hunter",
  "version": "0.0.0",
  "lockfileVersion": 1,
  "requires": true,
  "dependencies": {
    "ascii-table": {
      "version": "0.0.8",
      "resolved": "https://registry.npmjs.org/ascii-table/-/ascii-table-0.0.8.tgz",
      "integrity": "sha1-Q2LhTSMfxwwMj5dJ8w30qn9e2KY="
    },
    "async": {
      "version": "0.9.2",
      "resolved": "https://registry.npmjs.org/async/-/async-0.9.2.tgz",
      "integrity": "sha1-rqdNXmHB+JlhO/ZL2mbUx48v0X0="
    },
    "chance": {
      "version": "1.0.12",
      "resolved": "https://registry.npmjs.org/chance/-/chance-1.0.12.tgz",
      "integrity": "sha512-W99uMuboG5CT1iToDmizEH6yQYqICzZnrSRbbXPuJErzFWLPaoiEDvwnKbESjDo/8st1n3pyh70VBMmfqPmf+Q=="
    },
    "underscore": {
      "version": "1.8.3",
      "resolved": "https://registry.npmjs.org/underscore/-/underscore-1.8.3.tgz",
      "integrity": "sha1-Tz+1OxBuYJf8+ctBCfKl6b36UCI="
    }
  }
}
